// !$*UTF8*$!
{
	archiveVersion = 1;
	classes = {
	};
	objectVersion = 46;
	objects = {

/* Begin PBXBuildFile section */
		2A0D40481E35916A0076A4E0 /* ReminderConfigurationTableViewController.swift in Sources */ = {isa = PBXBuildFile; fileRef = 2A0D40471E3591690076A4E0 /* ReminderConfigurationTableViewController.swift */; };
		2A27D8071E2B3BF600A4F5E0 /* Settings.swift in Sources */ = {isa = PBXBuildFile; fileRef = 2A27D8061E2B3BF600A4F5E0 /* Settings.swift */; };
		2A27D8091E2B4A5500A4F5E0 /* CounterViewController.swift in Sources */ = {isa = PBXBuildFile; fileRef = 2A27D8081E2B4A5500A4F5E0 /* CounterViewController.swift */; };
		2A27D80F1E2B60E600A4F5E0 /* ReminderTimeViewController.swift in Sources */ = {isa = PBXBuildFile; fileRef = 2A27D80E1E2B60E600A4F5E0 /* ReminderTimeViewController.swift */; };
		2A27D8111E2B669500A4F5E0 /* DateViewController.swift in Sources */ = {isa = PBXBuildFile; fileRef = 2A27D8101E2B669500A4F5E0 /* DateViewController.swift */; };
		2A35FB981E2F09F30051CCED /* ProgressViewController.swift in Sources */ = {isa = PBXBuildFile; fileRef = 2A35FB971E2F09F30051CCED /* ProgressViewController.swift */; };
		2A3DB15D1E37930C0052DC79 /* RemindersTableViewController.swift in Sources */ = {isa = PBXBuildFile; fileRef = 2A3DB15C1E37930C0052DC79 /* RemindersTableViewController.swift */; };
		2A3DED9B1E36F93700B9F52B /* Reminder.swift in Sources */ = {isa = PBXBuildFile; fileRef = 2A3DED9A1E36F93700B9F52B /* Reminder.swift */; };
		2A426E3A1E2624CA005A12B4 /* Parser.swift in Sources */ = {isa = PBXBuildFile; fileRef = 2A426E391E2624CA005A12B4 /* Parser.swift */; };
		2A4380FA1E30C9800088E239 /* ProgresBarView.swift in Sources */ = {isa = PBXBuildFile; fileRef = 2A4380F91E30C9800088E239 /* ProgresBarView.swift */; };
		2A4E747A1E2F50120093F49F /* Assets.xcassets in Resources */ = {isa = PBXBuildFile; fileRef = 2A4E74791E2F50120093F49F /* Assets.xcassets */; };
		2A6E66391E29D3650067D711 /* Quotes.swift in Sources */ = {isa = PBXBuildFile; fileRef = 2A6E66381E29D3650067D711 /* Quotes.swift */; };
		2A7509481E24894900B9B31D /* AppDelegate.swift in Sources */ = {isa = PBXBuildFile; fileRef = 2A7509471E24894900B9B31D /* AppDelegate.swift */; };
		2A75094D1E24894900B9B31D /* Main.storyboard in Resources */ = {isa = PBXBuildFile; fileRef = 2A75094B1E24894900B9B31D /* Main.storyboard */; };
		2A7509521E24894900B9B31D /* LaunchScreen.storyboard in Resources */ = {isa = PBXBuildFile; fileRef = 2A7509501E24894900B9B31D /* LaunchScreen.storyboard */; };
		2A75095D1E24894900B9B31D /* CountdownTests.swift in Sources */ = {isa = PBXBuildFile; fileRef = 2A75095C1E24894900B9B31D /* CountdownTests.swift */; };
		2A7509681E24894900B9B31D /* CountdownUITests.swift in Sources */ = {isa = PBXBuildFile; fileRef = 2A7509671E24894900B9B31D /* CountdownUITests.swift */; };
		2A76F2E51E3304B8005FC48C /* CustomNavigationAnimationController.swift in Sources */ = {isa = PBXBuildFile; fileRef = 2A76F2E41E3304B8005FC48C /* CustomNavigationAnimationController.swift */; };
		2A76F2E71E330C3C005FC48C /* CustomPresentAnimationController.swift in Sources */ = {isa = PBXBuildFile; fileRef = 2A76F2E61E330C3C005FC48C /* CustomPresentAnimationController.swift */; };
		2A8ECB131E2E163400290B70 /* SetGoalViewController.swift in Sources */ = {isa = PBXBuildFile; fileRef = 2A8ECB121E2E163400290B70 /* SetGoalViewController.swift */; };
		2AC525FD1E3B029B0064E5B6 /* ProgressBarView.swift in Sources */ = {isa = PBXBuildFile; fileRef = 2AC525FC1E3B029B0064E5B6 /* ProgressBarView.swift */; };
		2ACD05131E2B1E9F005F9E56 /* SettingsTableViewController.swift in Sources */ = {isa = PBXBuildFile; fileRef = 2ACD05121E2B1E9F005F9E56 /* SettingsTableViewController.swift */; };
		2ACEDF501E34796D006B5CC5 /* NotificationServices.swift in Sources */ = {isa = PBXBuildFile; fileRef = 2ACEDF4F1E34796D006B5CC5 /* NotificationServices.swift */; };
		2ACEDF521E347DD7006B5CC5 /* NoticationServicesDelegate.swift in Sources */ = {isa = PBXBuildFile; fileRef = 2ACEDF511E347DD7006B5CC5 /* NoticationServicesDelegate.swift */; };
		2AD2D6F91E30561B00F444C8 /* ReminderContentTableViewController.swift in Sources */ = {isa = PBXBuildFile; fileRef = 2AD2D6F81E30561B00F444C8 /* ReminderContentTableViewController.swift */; };
		2ADC80DF1E288B0C00FA6FE7 /* RadiusButton.swift in Sources */ = {isa = PBXBuildFile; fileRef = 2ADC80DE1E288B0C00FA6FE7 /* RadiusButton.swift */; };
/* End PBXBuildFile section */

/* Begin PBXContainerItemProxy section */
		2A7509591E24894900B9B31D /* PBXContainerItemProxy */ = {
			isa = PBXContainerItemProxy;
			containerPortal = 2A75093C1E24894900B9B31D /* Project object */;
			proxyType = 1;
			remoteGlobalIDString = 2A7509431E24894900B9B31D;
			remoteInfo = Countdown;
		};
		2A7509641E24894900B9B31D /* PBXContainerItemProxy */ = {
			isa = PBXContainerItemProxy;
			containerPortal = 2A75093C1E24894900B9B31D /* Project object */;
			proxyType = 1;
			remoteGlobalIDString = 2A7509431E24894900B9B31D;
			remoteInfo = Countdown;
		};
/* End PBXContainerItemProxy section */

/* Begin PBXFileReference section */
		2A0D40471E3591690076A4E0 /* ReminderConfigurationTableViewController.swift */ = {isa = PBXFileReference; fileEncoding = 4; lastKnownFileType = sourcecode.swift; path = ReminderConfigurationTableViewController.swift; sourceTree = "<group>"; };
		2A27D8061E2B3BF600A4F5E0 /* Settings.swift */ = {isa = PBXFileReference; fileEncoding = 4; lastKnownFileType = sourcecode.swift; path = Settings.swift; sourceTree = "<group>"; };
		2A27D8081E2B4A5500A4F5E0 /* CounterViewController.swift */ = {isa = PBXFileReference; fileEncoding = 4; lastKnownFileType = sourcecode.swift; path = CounterViewController.swift; sourceTree = "<group>"; };
		2A27D80E1E2B60E600A4F5E0 /* ReminderTimeViewController.swift */ = {isa = PBXFileReference; fileEncoding = 4; lastKnownFileType = sourcecode.swift; path = ReminderTimeViewController.swift; sourceTree = "<group>"; };
		2A27D8101E2B669500A4F5E0 /* DateViewController.swift */ = {isa = PBXFileReference; fileEncoding = 4; lastKnownFileType = sourcecode.swift; path = DateViewController.swift; sourceTree = "<group>"; };
		2A35FB971E2F09F30051CCED /* ProgressViewController.swift */ = {isa = PBXFileReference; fileEncoding = 4; lastKnownFileType = sourcecode.swift; path = ProgressViewController.swift; sourceTree = "<group>"; };
		2A3DB15C1E37930C0052DC79 /* RemindersTableViewController.swift */ = {isa = PBXFileReference; fileEncoding = 4; lastKnownFileType = sourcecode.swift; path = RemindersTableViewController.swift; sourceTree = "<group>"; };
		2A3DED9A1E36F93700B9F52B /* Reminder.swift */ = {isa = PBXFileReference; fileEncoding = 4; lastKnownFileType = sourcecode.swift; path = Reminder.swift; sourceTree = "<group>"; };
		2A426E391E2624CA005A12B4 /* Parser.swift */ = {isa = PBXFileReference; fileEncoding = 4; lastKnownFileType = sourcecode.swift; path = Parser.swift; sourceTree = "<group>"; };
		2A4380F91E30C9800088E239 /* ProgresBarView.swift */ = {isa = PBXFileReference; fileEncoding = 4; lastKnownFileType = sourcecode.swift; path = ProgresBarView.swift; sourceTree = "<group>"; };
		2A4E74791E2F50120093F49F /* Assets.xcassets */ = {isa = PBXFileReference; lastKnownFileType = folder.assetcatalog; path = Assets.xcassets; sourceTree = "<group>"; };
		2A6E66381E29D3650067D711 /* Quotes.swift */ = {isa = PBXFileReference; fileEncoding = 4; lastKnownFileType = sourcecode.swift; path = Quotes.swift; sourceTree = "<group>"; };
		2A7509441E24894900B9B31D /* Countdown.app */ = {isa = PBXFileReference; explicitFileType = wrapper.application; includeInIndex = 0; path = Countdown.app; sourceTree = BUILT_PRODUCTS_DIR; };
		2A7509471E24894900B9B31D /* AppDelegate.swift */ = {isa = PBXFileReference; lastKnownFileType = sourcecode.swift; path = AppDelegate.swift; sourceTree = "<group>"; };
		2A75094C1E24894900B9B31D /* Base */ = {isa = PBXFileReference; lastKnownFileType = file.storyboard; name = Base; path = Base.lproj/Main.storyboard; sourceTree = "<group>"; };
		2A7509511E24894900B9B31D /* Base */ = {isa = PBXFileReference; lastKnownFileType = file.storyboard; name = Base; path = Base.lproj/LaunchScreen.storyboard; sourceTree = "<group>"; };
		2A7509531E24894900B9B31D /* Info.plist */ = {isa = PBXFileReference; lastKnownFileType = text.plist.xml; path = Info.plist; sourceTree = "<group>"; };
		2A7509581E24894900B9B31D /* CountdownTests.xctest */ = {isa = PBXFileReference; explicitFileType = wrapper.cfbundle; includeInIndex = 0; path = CountdownTests.xctest; sourceTree = BUILT_PRODUCTS_DIR; };
		2A75095C1E24894900B9B31D /* CountdownTests.swift */ = {isa = PBXFileReference; lastKnownFileType = sourcecode.swift; path = CountdownTests.swift; sourceTree = "<group>"; };
		2A75095E1E24894900B9B31D /* Info.plist */ = {isa = PBXFileReference; lastKnownFileType = text.plist.xml; path = Info.plist; sourceTree = "<group>"; };
		2A7509631E24894900B9B31D /* CountdownUITests.xctest */ = {isa = PBXFileReference; explicitFileType = wrapper.cfbundle; includeInIndex = 0; path = CountdownUITests.xctest; sourceTree = BUILT_PRODUCTS_DIR; };
		2A7509671E24894900B9B31D /* CountdownUITests.swift */ = {isa = PBXFileReference; lastKnownFileType = sourcecode.swift; path = CountdownUITests.swift; sourceTree = "<group>"; };
		2A7509691E24894900B9B31D /* Info.plist */ = {isa = PBXFileReference; lastKnownFileType = text.plist.xml; path = Info.plist; sourceTree = "<group>"; };
		2A76F2E41E3304B8005FC48C /* CustomNavigationAnimationController.swift */ = {isa = PBXFileReference; fileEncoding = 4; lastKnownFileType = sourcecode.swift; path = CustomNavigationAnimationController.swift; sourceTree = "<group>"; };
		2A76F2E61E330C3C005FC48C /* CustomPresentAnimationController.swift */ = {isa = PBXFileReference; fileEncoding = 4; lastKnownFileType = sourcecode.swift; path = CustomPresentAnimationController.swift; sourceTree = "<group>"; };
		2A8ECB121E2E163400290B70 /* SetGoalViewController.swift */ = {isa = PBXFileReference; fileEncoding = 4; lastKnownFileType = sourcecode.swift; path = SetGoalViewController.swift; sourceTree = "<group>"; };
		2AC525FC1E3B029B0064E5B6 /* ProgressBarView.swift */ = {isa = PBXFileReference; fileEncoding = 4; lastKnownFileType = sourcecode.swift; path = ProgressBarView.swift; sourceTree = "<group>"; };
		2ACD05121E2B1E9F005F9E56 /* SettingsTableViewController.swift */ = {isa = PBXFileReference; fileEncoding = 4; lastKnownFileType = sourcecode.swift; path = SettingsTableViewController.swift; sourceTree = "<group>"; };
		2ACEDF4F1E34796D006B5CC5 /* NotificationServices.swift */ = {isa = PBXFileReference; fileEncoding = 4; lastKnownFileType = sourcecode.swift; path = NotificationServices.swift; sourceTree = "<group>"; };
		2ACEDF511E347DD7006B5CC5 /* NoticationServicesDelegate.swift */ = {isa = PBXFileReference; fileEncoding = 4; lastKnownFileType = sourcecode.swift; path = NoticationServicesDelegate.swift; sourceTree = "<group>"; };
		2AD2D6F81E30561B00F444C8 /* ReminderContentTableViewController.swift */ = {isa = PBXFileReference; fileEncoding = 4; lastKnownFileType = sourcecode.swift; path = ReminderContentTableViewController.swift; sourceTree = "<group>"; };
		2ADC80DE1E288B0C00FA6FE7 /* RadiusButton.swift */ = {isa = PBXFileReference; fileEncoding = 4; lastKnownFileType = sourcecode.swift; path = RadiusButton.swift; sourceTree = "<group>"; };
/* End PBXFileReference section */

/* Begin PBXFrameworksBuildPhase section */
		2A7509411E24894900B9B31D /* Frameworks */ = {
			isa = PBXFrameworksBuildPhase;
			buildActionMask = 2147483647;
			files = (
			);
			runOnlyForDeploymentPostprocessing = 0;
		};
		2A7509551E24894900B9B31D /* Frameworks */ = {
			isa = PBXFrameworksBuildPhase;
			buildActionMask = 2147483647;
			files = (
			);
			runOnlyForDeploymentPostprocessing = 0;
		};
		2A7509601E24894900B9B31D /* Frameworks */ = {
			isa = PBXFrameworksBuildPhase;
			buildActionMask = 2147483647;
			files = (
			);
			runOnlyForDeploymentPostprocessing = 0;
		};
/* End PBXFrameworksBuildPhase section */

/* Begin PBXGroup section */
		2A0D40451E358FE60076A4E0 /* Reminder */ = {
			isa = PBXGroup;
			children = (
				2A3DB15C1E37930C0052DC79 /* RemindersTableViewController.swift */,
				2A0D40471E3591690076A4E0 /* ReminderConfigurationTableViewController.swift */,
				2A27D80E1E2B60E600A4F5E0 /* ReminderTimeViewController.swift */,
				2AD2D6F81E30561B00F444C8 /* ReminderContentTableViewController.swift */,
			);
			name = Reminder;
			sourceTree = "<group>";
		};
		2A0D40461E358FF80076A4E0 /* Settings */ = {
			isa = PBXGroup;
			children = (
				2ACD05121E2B1E9F005F9E56 /* SettingsTableViewController.swift */,
				2A8ECB121E2E163400290B70 /* SetGoalViewController.swift */,
				2A27D8101E2B669500A4F5E0 /* DateViewController.swift */,
			);
			name = Settings;
			sourceTree = "<group>";
		};
		2A24C27D1E24CB18005D0644 /* Supporting Files */ = {
			isa = PBXGroup;
			children = (
				2A4E74791E2F50120093F49F /* Assets.xcassets */,
				2A7509501E24894900B9B31D /* LaunchScreen.storyboard */,
				2A7509531E24894900B9B31D /* Info.plist */,
			);
			name = "Supporting Files";
			sourceTree = "<group>";
		};
		2A27D80A1E2B4B0600A4F5E0 /* CustomView */ = {
			isa = PBXGroup;
			children = (
				2ADC80DE1E288B0C00FA6FE7 /* RadiusButton.swift */,
				2A4380F91E30C9800088E239 /* ProgresBarView.swift */,
			);
			name = CustomView;
			sourceTree = "<group>";
		};
		2A27D80B1E2B4B1800A4F5E0 /* CustomClass */ = {
			isa = PBXGroup;
			children = (
				2AC525FC1E3B029B0064E5B6 /* ProgressBarView.swift */,
				2ACEDF4F1E34796D006B5CC5 /* NotificationServices.swift */,
				2ACEDF511E347DD7006B5CC5 /* NoticationServicesDelegate.swift */,
				2A426E391E2624CA005A12B4 /* Parser.swift */,
			);
			name = CustomClass;
			sourceTree = "<group>";
		};
		2A75093B1E24894900B9B31D = {
			isa = PBXGroup;
			children = (
				2A7509461E24894900B9B31D /* Countdown */,
				2A75095B1E24894900B9B31D /* CountdownTests */,
				2A7509661E24894900B9B31D /* CountdownUITests */,
				2A7509451E24894900B9B31D /* Products */,
			);
			sourceTree = "<group>";
		};
		2A7509451E24894900B9B31D /* Products */ = {
			isa = PBXGroup;
			children = (
				2A7509441E24894900B9B31D /* Countdown.app */,
				2A7509581E24894900B9B31D /* CountdownTests.xctest */,
				2A7509631E24894900B9B31D /* CountdownUITests.xctest */,
			);
			name = Products;
			sourceTree = "<group>";
		};
		2A7509461E24894900B9B31D /* Countdown */ = {
			isa = PBXGroup;
			children = (
				2A7509471E24894900B9B31D /* AppDelegate.swift */,
				2A35FB971E2F09F30051CCED /* ProgressViewController.swift */,
				2A27D8081E2B4A5500A4F5E0 /* CounterViewController.swift */,
				2A0D40461E358FF80076A4E0 /* Settings */,
				2A0D40451E358FE60076A4E0 /* Reminder */,
				2A75094B1E24894900B9B31D /* Main.storyboard */,
				2A76F2E91E330DDF005FC48C /* Model */,
				2A76F2E81E330DD3005FC48C /* Custom Animation */,
				2A27D80B1E2B4B1800A4F5E0 /* CustomClass */,
				2A27D80A1E2B4B0600A4F5E0 /* CustomView */,
				2A24C27D1E24CB18005D0644 /* Supporting Files */,
			);
			path = Countdown;
			sourceTree = "<group>";
		};
		2A75095B1E24894900B9B31D /* CountdownTests */ = {
			isa = PBXGroup;
			children = (
				2A75095C1E24894900B9B31D /* CountdownTests.swift */,
				2A75095E1E24894900B9B31D /* Info.plist */,
			);
			path = CountdownTests;
			sourceTree = "<group>";
		};
		2A7509661E24894900B9B31D /* CountdownUITests */ = {
			isa = PBXGroup;
			children = (
				2A7509671E24894900B9B31D /* CountdownUITests.swift */,
				2A7509691E24894900B9B31D /* Info.plist */,
			);
			path = CountdownUITests;
			sourceTree = "<group>";
		};
		2A76F2E81E330DD3005FC48C /* Custom Animation */ = {
			isa = PBXGroup;
			children = (
				2A76F2E41E3304B8005FC48C /* CustomNavigationAnimationController.swift */,
				2A76F2E61E330C3C005FC48C /* CustomPresentAnimationController.swift */,
			);
			name = "Custom Animation";
			sourceTree = "<group>";
		};
		2A76F2E91E330DDF005FC48C /* Model */ = {
			isa = PBXGroup;
			children = (
				2A27D8061E2B3BF600A4F5E0 /* Settings.swift */,
				2A3DED9A1E36F93700B9F52B /* Reminder.swift */,
				2A6E66381E29D3650067D711 /* Quotes.swift */,
			);
			name = Model;
			sourceTree = "<group>";
		};
/* End PBXGroup section */

/* Begin PBXNativeTarget section */
		2A7509431E24894900B9B31D /* Countdown */ = {
			isa = PBXNativeTarget;
			buildConfigurationList = 2A75096C1E24894900B9B31D /* Build configuration list for PBXNativeTarget "Countdown" */;
			buildPhases = (
				2A7509401E24894900B9B31D /* Sources */,
				2A7509411E24894900B9B31D /* Frameworks */,
				2A7509421E24894900B9B31D /* Resources */,
			);
			buildRules = (
			);
			dependencies = (
			);
			name = Countdown;
			productName = Countdown;
			productReference = 2A7509441E24894900B9B31D /* Countdown.app */;
			productType = "com.apple.product-type.application";
		};
		2A7509571E24894900B9B31D /* CountdownTests */ = {
			isa = PBXNativeTarget;
			buildConfigurationList = 2A75096F1E24894900B9B31D /* Build configuration list for PBXNativeTarget "CountdownTests" */;
			buildPhases = (
				2A7509541E24894900B9B31D /* Sources */,
				2A7509551E24894900B9B31D /* Frameworks */,
				2A7509561E24894900B9B31D /* Resources */,
			);
			buildRules = (
			);
			dependencies = (
				2A75095A1E24894900B9B31D /* PBXTargetDependency */,
			);
			name = CountdownTests;
			productName = CountdownTests;
			productReference = 2A7509581E24894900B9B31D /* CountdownTests.xctest */;
			productType = "com.apple.product-type.bundle.unit-test";
		};
		2A7509621E24894900B9B31D /* CountdownUITests */ = {
			isa = PBXNativeTarget;
			buildConfigurationList = 2A7509721E24894900B9B31D /* Build configuration list for PBXNativeTarget "CountdownUITests" */;
			buildPhases = (
				2A75095F1E24894900B9B31D /* Sources */,
				2A7509601E24894900B9B31D /* Frameworks */,
				2A7509611E24894900B9B31D /* Resources */,
			);
			buildRules = (
			);
			dependencies = (
				2A7509651E24894900B9B31D /* PBXTargetDependency */,
			);
			name = CountdownUITests;
			productName = CountdownUITests;
			productReference = 2A7509631E24894900B9B31D /* CountdownUITests.xctest */;
			productType = "com.apple.product-type.bundle.ui-testing";
		};
/* End PBXNativeTarget section */

/* Begin PBXProject section */
		2A75093C1E24894900B9B31D /* Project object */ = {
			isa = PBXProject;
			attributes = {
				LastSwiftUpdateCheck = 0820;
				LastUpgradeCheck = 0820;
				ORGANIZATIONNAME = "Choong Kai Wern";
				TargetAttributes = {
					2A7509431E24894900B9B31D = {
						CreatedOnToolsVersion = 8.2.1;
						DevelopmentTeam = S3HCDAT8QN;
						ProvisioningStyle = Automatic;
					};
					2A7509571E24894900B9B31D = {
						CreatedOnToolsVersion = 8.2.1;
						DevelopmentTeam = S3HCDAT8QN;
						ProvisioningStyle = Automatic;
						TestTargetID = 2A7509431E24894900B9B31D;
					};
					2A7509621E24894900B9B31D = {
						CreatedOnToolsVersion = 8.2.1;
						DevelopmentTeam = S3HCDAT8QN;
						ProvisioningStyle = Automatic;
						TestTargetID = 2A7509431E24894900B9B31D;
					};
				};
			};
			buildConfigurationList = 2A75093F1E24894900B9B31D /* Build configuration list for PBXProject "Countdown" */;
			compatibilityVersion = "Xcode 3.2";
			developmentRegion = English;
			hasScannedForEncodings = 0;
			knownRegions = (
				en,
				Base,
			);
			mainGroup = 2A75093B1E24894900B9B31D;
			productRefGroup = 2A7509451E24894900B9B31D /* Products */;
			projectDirPath = "";
			projectRoot = "";
			targets = (
				2A7509431E24894900B9B31D /* Countdown */,
				2A7509571E24894900B9B31D /* CountdownTests */,
				2A7509621E24894900B9B31D /* CountdownUITests */,
			);
		};
/* End PBXProject section */

/* Begin PBXResourcesBuildPhase section */
		2A7509421E24894900B9B31D /* Resources */ = {
			isa = PBXResourcesBuildPhase;
			buildActionMask = 2147483647;
			files = (
				2A7509521E24894900B9B31D /* LaunchScreen.storyboard in Resources */,
				2A4E747A1E2F50120093F49F /* Assets.xcassets in Resources */,
				2A75094D1E24894900B9B31D /* Main.storyboard in Resources */,
			);
			runOnlyForDeploymentPostprocessing = 0;
		};
		2A7509561E24894900B9B31D /* Resources */ = {
			isa = PBXResourcesBuildPhase;
			buildActionMask = 2147483647;
			files = (
			);
			runOnlyForDeploymentPostprocessing = 0;
		};
		2A7509611E24894900B9B31D /* Resources */ = {
			isa = PBXResourcesBuildPhase;
			buildActionMask = 2147483647;
			files = (
			);
			runOnlyForDeploymentPostprocessing = 0;
		};
/* End PBXResourcesBuildPhase section */

/* Begin PBXSourcesBuildPhase section */
		2A7509401E24894900B9B31D /* Sources */ = {
			isa = PBXSourcesBuildPhase;
			buildActionMask = 2147483647;
			files = (
				2ACEDF501E34796D006B5CC5 /* NotificationServices.swift in Sources */,
				2A8ECB131E2E163400290B70 /* SetGoalViewController.swift in Sources */,
				2A76F2E51E3304B8005FC48C /* CustomNavigationAnimationController.swift in Sources */,
				2A27D8111E2B669500A4F5E0 /* DateViewController.swift in Sources */,
				2A27D8071E2B3BF600A4F5E0 /* Settings.swift in Sources */,
				2A4380FA1E30C9800088E239 /* ProgresBarView.swift in Sources */,
				2A35FB981E2F09F30051CCED /* ProgressViewController.swift in Sources */,
				2A6E66391E29D3650067D711 /* Quotes.swift in Sources */,
				2A7509481E24894900B9B31D /* AppDelegate.swift in Sources */,
				2A27D80F1E2B60E600A4F5E0 /* ReminderTimeViewController.swift in Sources */,
				2A0D40481E35916A0076A4E0 /* ReminderConfigurationTableViewController.swift in Sources */,
				2ADC80DF1E288B0C00FA6FE7 /* RadiusButton.swift in Sources */,
				2A426E3A1E2624CA005A12B4 /* Parser.swift in Sources */,
				2AC525FD1E3B029B0064E5B6 /* ProgressBarView.swift in Sources */,
				2A3DB15D1E37930C0052DC79 /* RemindersTableViewController.swift in Sources */,
				2A27D8091E2B4A5500A4F5E0 /* CounterViewController.swift in Sources */,
				2A76F2E71E330C3C005FC48C /* CustomPresentAnimationController.swift in Sources */,
				2ACEDF521E347DD7006B5CC5 /* NoticationServicesDelegate.swift in Sources */,
				2ACD05131E2B1E9F005F9E56 /* SettingsTableViewController.swift in Sources */,
				2A3DED9B1E36F93700B9F52B /* Reminder.swift in Sources */,
				2AD2D6F91E30561B00F444C8 /* ReminderContentTableViewController.swift in Sources */,
			);
			runOnlyForDeploymentPostprocessing = 0;
		};
		2A7509541E24894900B9B31D /* Sources */ = {
			isa = PBXSourcesBuildPhase;
			buildActionMask = 2147483647;
			files = (
				2A75095D1E24894900B9B31D /* CountdownTests.swift in Sources */,
			);
			runOnlyForDeploymentPostprocessing = 0;
		};
		2A75095F1E24894900B9B31D /* Sources */ = {
			isa = PBXSourcesBuildPhase;
			buildActionMask = 2147483647;
			files = (
				2A7509681E24894900B9B31D /* CountdownUITests.swift in Sources */,
			);
			runOnlyForDeploymentPostprocessing = 0;
		};
/* End PBXSourcesBuildPhase section */

/* Begin PBXTargetDependency section */
		2A75095A1E24894900B9B31D /* PBXTargetDependency */ = {
			isa = PBXTargetDependency;
			target = 2A7509431E24894900B9B31D /* Countdown */;
			targetProxy = 2A7509591E24894900B9B31D /* PBXContainerItemProxy */;
		};
		2A7509651E24894900B9B31D /* PBXTargetDependency */ = {
			isa = PBXTargetDependency;
			target = 2A7509431E24894900B9B31D /* Countdown */;
			targetProxy = 2A7509641E24894900B9B31D /* PBXContainerItemProxy */;
		};
/* End PBXTargetDependency section */

/* Begin PBXVariantGroup section */
		2A75094B1E24894900B9B31D /* Main.storyboard */ = {
			isa = PBXVariantGroup;
			children = (
				2A75094C1E24894900B9B31D /* Base */,
			);
			name = Main.storyboard;
			sourceTree = "<group>";
		};
		2A7509501E24894900B9B31D /* LaunchScreen.storyboard */ = {
			isa = PBXVariantGroup;
			children = (
				2A7509511E24894900B9B31D /* Base */,
			);
			name = LaunchScreen.storyboard;
			sourceTree = "<group>";
		};
/* End PBXVariantGroup section */

/* Begin XCBuildConfiguration section */
		2A75096A1E24894900B9B31D /* Debug */ = {
			isa = XCBuildConfiguration;
			buildSettings = {
				ALWAYS_SEARCH_USER_PATHS = NO;
				CLANG_ANALYZER_NONNULL = YES;
				CLANG_CXX_LANGUAGE_STANDARD = "gnu++0x";
				CLANG_CXX_LIBRARY = "libc++";
				CLANG_ENABLE_MODULES = YES;
				CLANG_ENABLE_OBJC_ARC = YES;
				CLANG_WARN_BOOL_CONVERSION = YES;
				CLANG_WARN_CONSTANT_CONVERSION = YES;
				CLANG_WARN_DIRECT_OBJC_ISA_USAGE = YES_ERROR;
				CLANG_WARN_DOCUMENTATION_COMMENTS = YES;
				CLANG_WARN_EMPTY_BODY = YES;
				CLANG_WARN_ENUM_CONVERSION = YES;
				CLANG_WARN_INFINITE_RECURSION = YES;
				CLANG_WARN_INT_CONVERSION = YES;
				CLANG_WARN_OBJC_ROOT_CLASS = YES_ERROR;
				CLANG_WARN_SUSPICIOUS_MOVE = YES;
				CLANG_WARN_UNREACHABLE_CODE = YES;
				CLANG_WARN__DUPLICATE_METHOD_MATCH = YES;
				"CODE_SIGN_IDENTITY[sdk=iphoneos*]" = "iPhone Developer";
				COPY_PHASE_STRIP = NO;
				DEBUG_INFORMATION_FORMAT = dwarf;
				ENABLE_STRICT_OBJC_MSGSEND = YES;
				ENABLE_TESTABILITY = YES;
				GCC_C_LANGUAGE_STANDARD = gnu99;
				GCC_DYNAMIC_NO_PIC = NO;
				GCC_NO_COMMON_BLOCKS = YES;
				GCC_OPTIMIZATION_LEVEL = 0;
				GCC_PREPROCESSOR_DEFINITIONS = (
					"DEBUG=1",
					"$(inherited)",
				);
				GCC_WARN_64_TO_32_BIT_CONVERSION = YES;
				GCC_WARN_ABOUT_RETURN_TYPE = YES_ERROR;
				GCC_WARN_UNDECLARED_SELECTOR = YES;
				GCC_WARN_UNINITIALIZED_AUTOS = YES_AGGRESSIVE;
				GCC_WARN_UNUSED_FUNCTION = YES;
				GCC_WARN_UNUSED_VARIABLE = YES;
				IPHONEOS_DEPLOYMENT_TARGET = 10.2;
				MTL_ENABLE_DEBUG_INFO = YES;
				ONLY_ACTIVE_ARCH = YES;
				SDKROOT = iphoneos;
				SWIFT_ACTIVE_COMPILATION_CONDITIONS = DEBUG;
				SWIFT_OPTIMIZATION_LEVEL = "-Onone";
			};
			name = Debug;
		};
		2A75096B1E24894900B9B31D /* Release */ = {
			isa = XCBuildConfiguration;
			buildSettings = {
				ALWAYS_SEARCH_USER_PATHS = NO;
				CLANG_ANALYZER_NONNULL = YES;
				CLANG_CXX_LANGUAGE_STANDARD = "gnu++0x";
				CLANG_CXX_LIBRARY = "libc++";
				CLANG_ENABLE_MODULES = YES;
				CLANG_ENABLE_OBJC_ARC = YES;
				CLANG_WARN_BOOL_CONVERSION = YES;
				CLANG_WARN_CONSTANT_CONVERSION = YES;
				CLANG_WARN_DIRECT_OBJC_ISA_USAGE = YES_ERROR;
				CLANG_WARN_DOCUMENTATION_COMMENTS = YES;
				CLANG_WARN_EMPTY_BODY = YES;
				CLANG_WARN_ENUM_CONVERSION = YES;
				CLANG_WARN_INFINITE_RECURSION = YES;
				CLANG_WARN_INT_CONVERSION = YES;
				CLANG_WARN_OBJC_ROOT_CLASS = YES_ERROR;
				CLANG_WARN_SUSPICIOUS_MOVE = YES;
				CLANG_WARN_UNREACHABLE_CODE = YES;
				CLANG_WARN__DUPLICATE_METHOD_MATCH = YES;
				"CODE_SIGN_IDENTITY[sdk=iphoneos*]" = "iPhone Developer";
				COPY_PHASE_STRIP = NO;
				DEBUG_INFORMATION_FORMAT = "dwarf-with-dsym";
				ENABLE_NS_ASSERTIONS = NO;
				ENABLE_STRICT_OBJC_MSGSEND = YES;
				GCC_C_LANGUAGE_STANDARD = gnu99;
				GCC_NO_COMMON_BLOCKS = YES;
				GCC_WARN_64_TO_32_BIT_CONVERSION = YES;
				GCC_WARN_ABOUT_RETURN_TYPE = YES_ERROR;
				GCC_WARN_UNDECLARED_SELECTOR = YES;
				GCC_WARN_UNINITIALIZED_AUTOS = YES_AGGRESSIVE;
				GCC_WARN_UNUSED_FUNCTION = YES;
				GCC_WARN_UNUSED_VARIABLE = YES;
				IPHONEOS_DEPLOYMENT_TARGET = 10.2;
				MTL_ENABLE_DEBUG_INFO = NO;
				SDKROOT = iphoneos;
				SWIFT_OPTIMIZATION_LEVEL = "-Owholemodule";
				VALIDATE_PRODUCT = YES;
			};
			name = Release;
		};
		2A75096D1E24894900B9B31D /* Debug */ = {
			isa = XCBuildConfiguration;
			buildSettings = {
				ASSETCATALOG_COMPILER_APPICON_NAME = AppIcon;
				DEVELOPMENT_TEAM = S3HCDAT8QN;
				INFOPLIST_FILE = Countdown/Info.plist;
				IPHONEOS_DEPLOYMENT_TARGET = 10.2;
				LD_RUNPATH_SEARCH_PATHS = "$(inherited) @executable_path/Frameworks";
				PRODUCT_BUNDLE_IDENTIFIER = edu.stanford.cs193p.15053648.Up;
				PRODUCT_NAME = "$(TARGET_NAME)";
				SWIFT_VERSION = 3.0;
			};
			name = Debug;
		};
		2A75096E1E24894900B9B31D /* Release */ = {
			isa = XCBuildConfiguration;
			buildSettings = {
				ASSETCATALOG_COMPILER_APPICON_NAME = AppIcon;
				DEVELOPMENT_TEAM = S3HCDAT8QN;
				INFOPLIST_FILE = Countdown/Info.plist;
				IPHONEOS_DEPLOYMENT_TARGET = 10.2;
				LD_RUNPATH_SEARCH_PATHS = "$(inherited) @executable_path/Frameworks";
				PRODUCT_BUNDLE_IDENTIFIER = edu.stanford.cs193p.15053648.Up;
				PRODUCT_NAME = "$(TARGET_NAME)";
				SWIFT_VERSION = 3.0;
			};
			name = Release;
		};
		2A7509701E24894900B9B31D /* Debug */ = {
			isa = XCBuildConfiguration;
			buildSettings = {
				ALWAYS_EMBED_SWIFT_STANDARD_LIBRARIES = YES;
				BUNDLE_LOADER = "$(TEST_HOST)";
				DEVELOPMENT_TEAM = S3HCDAT8QN;
				INFOPLIST_FILE = CountdownTests/Info.plist;
				LD_RUNPATH_SEARCH_PATHS = "$(inherited) @executable_path/Frameworks @loader_path/Frameworks";
				PRODUCT_BUNDLE_IDENTIFIER = edu.stanford.cs193p.15053648.CountdownTests;
				PRODUCT_NAME = "$(TARGET_NAME)";
				SWIFT_VERSION = 3.0;
				TEST_HOST = "$(BUILT_PRODUCTS_DIR)/Countdown.app/Countdown";
			};
			name = Debug;
		};
		2A7509711E24894900B9B31D /* Release */ = {
			isa = XCBuildConfiguration;
			buildSettings = {
				ALWAYS_EMBED_SWIFT_STANDARD_LIBRARIES = YES;
				BUNDLE_LOADER = "$(TEST_HOST)";
				DEVELOPMENT_TEAM = S3HCDAT8QN;
				INFOPLIST_FILE = CountdownTests/Info.plist;
				LD_RUNPATH_SEARCH_PATHS = "$(inherited) @executable_path/Frameworks @loader_path/Frameworks";
				PRODUCT_BUNDLE_IDENTIFIER = edu.stanford.cs193p.15053648.CountdownTests;
				PRODUCT_NAME = "$(TARGET_NAME)";
				SWIFT_VERSION = 3.0;
				TEST_HOST = "$(BUILT_PRODUCTS_DIR)/Countdown.app/Countdown";
			};
			name = Release;
		};
		2A7509731E24894900B9B31D /* Debug */ = {
			isa = XCBuildConfiguration;
			buildSettings = {
				ALWAYS_EMBED_SWIFT_STANDARD_LIBRARIES = YES;
				DEVELOPMENT_TEAM = S3HCDAT8QN;
				INFOPLIST_FILE = CountdownUITests/Info.plist;
				LD_RUNPATH_SEARCH_PATHS = "$(inherited) @executable_path/Frameworks @loader_path/Frameworks";
				PRODUCT_BUNDLE_IDENTIFIER = edu.stanford.cs193p.15053648.CountdownUITests;
				PRODUCT_NAME = "$(TARGET_NAME)";
				SWIFT_VERSION = 3.0;
				TEST_TARGET_NAME = Countdown;
			};
			name = Debug;
		};
		2A7509741E24894900B9B31D /* Release */ = {
			isa = XCBuildConfiguration;
			buildSettings = {
				ALWAYS_EMBED_SWIFT_STANDARD_LIBRARIES = YES;
				DEVELOPMENT_TEAM = S3HCDAT8QN;
				INFOPLIST_FILE = CountdownUITests/Info.plist;
				LD_RUNPATH_SEARCH_PATHS = "$(inherited) @executable_path/Frameworks @loader_path/Frameworks";
				PRODUCT_BUNDLE_IDENTIFIER = edu.stanford.cs193p.15053648.CountdownUITests;
				PRODUCT_NAME = "$(TARGET_NAME)";
				SWIFT_VERSION = 3.0;
				TEST_TARGET_NAME = Countdown;
			};
			name = Release;
		};
/* End XCBuildConfiguration section */

/* Begin XCConfigurationList section */
		2A75093F1E24894900B9B31D /* Build configuration list for PBXProject "Countdown" */ = {
			isa = XCConfigurationList;
			buildConfigurations = (
				2A75096A1E24894900B9B31D /* Debug */,
				2A75096B1E24894900B9B31D /* Release */,
			);
			defaultConfigurationIsVisible = 0;
			defaultConfigurationName = Release;
		};
		2A75096C1E24894900B9B31D /* Build configuration list for PBXNativeTarget "Countdown" */ = {
			isa = XCConfigurationList;
			buildConfigurations = (
				2A75096D1E24894900B9B31D /* Debug */,
				2A75096E1E24894900B9B31D /* Release */,
			);
			defaultConfigurationIsVisible = 0;
			defaultConfigurationName = Release;
		};
		2A75096F1E24894900B9B31D /* Build configuration list for PBXNativeTarget "CountdownTests" */ = {
			isa = XCConfigurationList;
			buildConfigurations = (
				2A7509701E24894900B9B31D /* Debug */,
				2A7509711E24894900B9B31D /* Release */,
			);
			defaultConfigurationIsVisible = 0;
			defaultConfigurationName = Release;
		};
		2A7509721E24894900B9B31D /* Build configuration list for PBXNativeTarget "CountdownUITests" */ = {
			isa = XCConfigurationList;
			buildConfigurations = (
				2A7509731E24894900B9B31D /* Debug */,
				2A7509741E24894900B9B31D /* Release */,
			);
			defaultConfigurationIsVisible = 0;
			defaultConfigurationName = Release;
		};
/* End XCConfigurationList section */
	};
	rootObject = 2A75093C1E24894900B9B31D /* Project object */;
}
